
Microsoft Visual Studio Solution File, Format Version 12.00
# Visual Studio Version 17
VisualStudioVersion = 17.5.33424.131
MinimumVisualStudioVersion = 10.0.40219.1
Project("{FAE04EC0-301F-11D3-BF4B-00C04F79EFBC}") = "SOAProjekat1GraphQL", "SOAProjekat1GraphQL\SOAProjekat1GraphQL.csproj", "{857E2751-20FF-412F-9D6E-0479ACEF483D}"
EndProject
Global
	GlobalSection(SolutionConfigurationPlatforms) = preSolution
		Debug|Any CPU = Debug|Any CPU
		Release|Any CPU = Release|Any CPU
	EndGlobalSection
	GlobalSection(ProjectConfigurationPlatforms) = postSolution
		{857E2751-20FF-412F-9D6E-0479ACEF483D}.Debug|Any CPU.ActiveCfg = Debug|Any CPU
		{857E2751-20FF-412F-9D6E-0479ACEF483D}.Debug|Any CPU.Build.0 = Debug|Any CPU
		{857E2751-20FF-412F-9D6E-0479ACEF483D}.Release|Any CPU.ActiveCfg = Release|Any CPU
		{857E2751-20FF-412F-9D6E-0479ACEF483D}.Release|Any CPU.Build.0 = Release|Any CPU
	EndGlobalSection
	GlobalSection(SolutionProperties) = preSolution
		HideSolutionNode = FALSE
	EndGlobalSection
	GlobalSection(ExtensibilityGlobals) = postSolution
		SolutionGuid = {2CE2B324-4D20-429A-BB4A-486DB9581EBA}
	EndGlobalSection
EndGlobal
